
Microsoft Visual Studio Solution File, Format Version 12.00
# Visual Studio Version 17
VisualStudioVersion = 17.14.36121.58 d17.14
MinimumVisualStudioVersion = 10.0.40219.1
Project("{FAE04EC0-301F-11D3-BF4B-00C04F79EFBC}") = "Peyghoom-BackEnd", "Peyghoom-BackEnd\Peyghoom-BackEnd.csproj", "{D41848E4-8572-494E-A2E5-6350ABA5D695}"
EndProject
Global
	GlobalSection(SolutionConfigurationPlatforms) = preSolution
		Debug|Any CPU = Debug|Any CPU
		Release|Any CPU = Release|Any CPU
	EndGlobalSection
	GlobalSection(ProjectConfigurationPlatforms) = postSolution
		{D41848E4-8572-494E-A2E5-6350ABA5D695}.Debug|Any CPU.ActiveCfg = Debug|Any CPU
		{D41848E4-8572-494E-A2E5-6350ABA5D695}.Debug|Any CPU.Build.0 = Debug|Any CPU
		{D41848E4-8572-494E-A2E5-6350ABA5D695}.Release|Any CPU.ActiveCfg = Release|Any CPU
		{D41848E4-8572-494E-A2E5-6350ABA5D695}.Release|Any CPU.Build.0 = Release|Any CPU
	EndGlobalSection
	GlobalSection(SolutionProperties) = preSolution
		HideSolutionNode = FALSE
	EndGlobalSection
	GlobalSection(ExtensibilityGlobals) = postSolution
		SolutionGuid = {EBAC7616-072F-488B-84D1-377449E51C12}
	EndGlobalSection
EndGlobal
